
Microsoft Visual Studio Solution File, Format Version 12.00
# Visual Studio Version 16
VisualStudioVersion = 16.0.31624.102
MinimumVisualStudioVersion = 10.0.40219.1
Project("{9A19103F-16F7-4668-BE54-9A1E7A4F7556}") = "Reverse Array", "Reverse Array\Reverse Array.csproj", "{3E9E7FDD-6163-4F44-84EA-3C00E5A68B43}"
EndProject
Project("{9A19103F-16F7-4668-BE54-9A1E7A4F7556}") = "Nested Loops", "Nested Loops\Nested Loops.csproj", "{4BDCC98E-510A-49E5-9597-3AD206DBF794}"
EndProject
Project("{9A19103F-16F7-4668-BE54-9A1E7A4F7556}") = "ConnectedArea", "ConnectedArea\ConnectedArea.csproj", "{EE1111C7-D7E5-4FA7-BA5A-47BF99D8C2C3}"
EndProject
Project("{9A19103F-16F7-4668-BE54-9A1E7A4F7556}") = "Cinema", "Cinema\Cinema.csproj", "{01E15E28-9DDB-490D-923E-5AECD185E1A9}"
EndProject
Project("{FAE04EC0-301F-11D3-BF4B-00C04F79EFBC}") = "School Teams", "School Teams\School Teams.csproj", "{5F9D490A-BF9D-4639-8F65-BE911D23DD27}"
EndProject
Global
	GlobalSection(SolutionConfigurationPlatforms) = preSolution
		Debug|Any CPU = Debug|Any CPU
		Release|Any CPU = Release|Any CPU
	EndGlobalSection
	GlobalSection(ProjectConfigurationPlatforms) = postSolution
		{3E9E7FDD-6163-4F44-84EA-3C00E5A68B43}.Debug|Any CPU.ActiveCfg = Debug|Any CPU
		{3E9E7FDD-6163-4F44-84EA-3C00E5A68B43}.Debug|Any CPU.Build.0 = Debug|Any CPU
		{3E9E7FDD-6163-4F44-84EA-3C00E5A68B43}.Release|Any CPU.ActiveCfg = Release|Any CPU
		{3E9E7FDD-6163-4F44-84EA-3C00E5A68B43}.Release|Any CPU.Build.0 = Release|Any CPU
		{4BDCC98E-510A-49E5-9597-3AD206DBF794}.Debug|Any CPU.ActiveCfg = Debug|Any CPU
		{4BDCC98E-510A-49E5-9597-3AD206DBF794}.Debug|Any CPU.Build.0 = Debug|Any CPU
		{4BDCC98E-510A-49E5-9597-3AD206DBF794}.Release|Any CPU.ActiveCfg = Release|Any CPU
		{4BDCC98E-510A-49E5-9597-3AD206DBF794}.Release|Any CPU.Build.0 = Release|Any CPU
		{EE1111C7-D7E5-4FA7-BA5A-47BF99D8C2C3}.Debug|Any CPU.ActiveCfg = Debug|Any CPU
		{EE1111C7-D7E5-4FA7-BA5A-47BF99D8C2C3}.Debug|Any CPU.Build.0 = Debug|Any CPU
		{EE1111C7-D7E5-4FA7-BA5A-47BF99D8C2C3}.Release|Any CPU.ActiveCfg = Release|Any CPU
		{EE1111C7-D7E5-4FA7-BA5A-47BF99D8C2C3}.Release|Any CPU.Build.0 = Release|Any CPU
		{01E15E28-9DDB-490D-923E-5AECD185E1A9}.Debug|Any CPU.ActiveCfg = Debug|Any CPU
		{01E15E28-9DDB-490D-923E-5AECD185E1A9}.Debug|Any CPU.Build.0 = Debug|Any CPU
		{01E15E28-9DDB-490D-923E-5AECD185E1A9}.Release|Any CPU.ActiveCfg = Release|Any CPU
		{01E15E28-9DDB-490D-923E-5AECD185E1A9}.Release|Any CPU.Build.0 = Release|Any CPU
		{5F9D490A-BF9D-4639-8F65-BE911D23DD27}.Debug|Any CPU.ActiveCfg = Debug|Any CPU
		{5F9D490A-BF9D-4639-8F65-BE911D23DD27}.Debug|Any CPU.Build.0 = Debug|Any CPU
		{5F9D490A-BF9D-4639-8F65-BE911D23DD27}.Release|Any CPU.ActiveCfg = Release|Any CPU
		{5F9D490A-BF9D-4639-8F65-BE911D23DD27}.Release|Any CPU.Build.0 = Release|Any CPU
	EndGlobalSection
	GlobalSection(SolutionProperties) = preSolution
		HideSolutionNode = FALSE
	EndGlobalSection
	GlobalSection(ExtensibilityGlobals) = postSolution
		SolutionGuid = {CB539CE7-3C10-435F-9CC0-9A11783AF436}
	EndGlobalSection
EndGlobal
